// !$*UTF8*$!
{
	archiveVersion = 1;
	classes = {
	};
	objectVersion = 56;
	objects = {

/* Begin PBXBuildFile section */
		46432EB8AD7A2A0236A99072 /* Pods_ObjectDetectionApp.framework in Frameworks */ = {isa = PBXBuildFile; fileRef = 800ADAAF954AE3827708B4C0 /* Pods_ObjectDetectionApp.framework */; };
		7B74A02F29E4DDBC008A20B8 /* CLog.swift in Sources */ = {isa = PBXBuildFile; fileRef = 7B74A02E29E4DDBC008A20B8 /* CLog.swift */; };
		7B74A03229E4E2B9008A20B8 /* LaunchViewModel.swift in Sources */ = {isa = PBXBuildFile; fileRef = 7B74A03129E4E2B9008A20B8 /* LaunchViewModel.swift */; };
		7B74A03429E4E2CE008A20B8 /* User.swift in Sources */ = {isa = PBXBuildFile; fileRef = 7B74A03329E4E2CE008A20B8 /* User.swift */; };
		7B74A03729E4FAD1008A20B8 /* Dog.swift in Sources */ = {isa = PBXBuildFile; fileRef = 7B74A03629E4FAD1008A20B8 /* Dog.swift */; };
		7B74A03929E4FD37008A20B8 /* StreamingViewModel.swift in Sources */ = {isa = PBXBuildFile; fileRef = 7B74A03829E4FD37008A20B8 /* StreamingViewModel.swift */; };
		7B74A03B29E4FD4C008A20B8 /* VideoViewModel.swift in Sources */ = {isa = PBXBuildFile; fileRef = 7B74A03A29E4FD4C008A20B8 /* VideoViewModel.swift */; };
		7B74A09829E52E5B008A20B8 /* Classification.swift in Sources */ = {isa = PBXBuildFile; fileRef = 7B74A09729E52E5B008A20B8 /* Classification.swift */; };
		7BB75D4929E3F6E4001DA941 /* AppDelegate.swift in Sources */ = {isa = PBXBuildFile; fileRef = 7BB75D4829E3F6E4001DA941 /* AppDelegate.swift */; };
		7BB75D4B29E3F6E4001DA941 /* SceneDelegate.swift in Sources */ = {isa = PBXBuildFile; fileRef = 7BB75D4A29E3F6E4001DA941 /* SceneDelegate.swift */; };
		7BB75D5229E3F6E4001DA941 /* Assets.xcassets in Resources */ = {isa = PBXBuildFile; fileRef = 7BB75D5129E3F6E4001DA941 /* Assets.xcassets */; };
		7BB75D5529E3F6E4001DA941 /* LaunchScreen.storyboard in Resources */ = {isa = PBXBuildFile; fileRef = 7BB75D5329E3F6E4001DA941 /* LaunchScreen.storyboard */; };
		7BB75D6429E3F7C0001DA941 /* dogClass.mlmodel in Sources */ = {isa = PBXBuildFile; fileRef = 7BB75D6229E3F7C0001DA941 /* dogClass.mlmodel */; };
		7BB75D6729E3F850001DA941 /* ObViewController.swift in Sources */ = {isa = PBXBuildFile; fileRef = 7BB75D6629E3F850001DA941 /* ObViewController.swift */; };
		7BB75D6929E3F869001DA941 /* Const.swift in Sources */ = {isa = PBXBuildFile; fileRef = 7BB75D6829E3F869001DA941 /* Const.swift */; };
		7BB75D6B29E3F89B001DA941 /* DataManager.swift in Sources */ = {isa = PBXBuildFile; fileRef = 7BB75D6A29E3F89B001DA941 /* DataManager.swift */; };
		7BB75D6E29E3FA98001DA941 /* OBUtils.swift in Sources */ = {isa = PBXBuildFile; fileRef = 7BB75D6D29E3FA98001DA941 /* OBUtils.swift */; };
		7BB75D7029E3FAE9001DA941 /* PreferenceDataUtils.swift in Sources */ = {isa = PBXBuildFile; fileRef = 7BB75D6F29E3FAE9001DA941 /* PreferenceDataUtils.swift */; };
		7BB75D7229E3FDDA001DA941 /* LaunchViewController.swift in Sources */ = {isa = PBXBuildFile; fileRef = 7BB75D7129E3FDDA001DA941 /* LaunchViewController.swift */; };
		7BB75D7429E40588001DA941 /* TabbarViewController.swift in Sources */ = {isa = PBXBuildFile; fileRef = 7BB75D7329E40588001DA941 /* TabbarViewController.swift */; };
		7BB75D7629E405C3001DA941 /* MotionDetectionViewController.swift in Sources */ = {isa = PBXBuildFile; fileRef = 7BB75D7529E405C3001DA941 /* MotionDetectionViewController.swift */; };
		7BB75D7829E405CF001DA941 /* VideoViewController.swift in Sources */ = {isa = PBXBuildFile; fileRef = 7BB75D7729E405CF001DA941 /* VideoViewController.swift */; };
		7BC3AEBF29E64D9B00376DA8 /* VideoView.swift in Sources */ = {isa = PBXBuildFile; fileRef = 7BC3AEBE29E64D9B00376DA8 /* VideoView.swift */; };
		7BC3AEC529E66E6F00376DA8 /* MotionDetectionView.swift in Sources */ = {isa = PBXBuildFile; fileRef = 7BC3AEC429E66E6F00376DA8 /* MotionDetectionView.swift */; };
		7BC6EFB329E542C800FD2512 /* dogPose.mlmodel in Sources */ = {isa = PBXBuildFile; fileRef = 7BC6EFB229E542C800FD2512 /* dogPose.mlmodel */; };
		7BC6EFB729E54C9C00FD2512 /* ModelManager.swift in Sources */ = {isa = PBXBuildFile; fileRef = 7BC6EFB629E54C9C00FD2512 /* ModelManager.swift */; };
		7BC6EFBA29E54F0100FD2512 /* UIButton.swift in Sources */ = {isa = PBXBuildFile; fileRef = 7BC6EFB929E54F0100FD2512 /* UIButton.swift */; };
		7BE5308329EE17D100AF84F4 /* OpenCVWrapper.mm in Sources */ = {isa = PBXBuildFile; fileRef = 7BE5308229EE17D100AF84F4 /* OpenCVWrapper.mm */; };
		7BE5308729EE2BCA00AF84F4 /* MotionDetectionManager.swift in Sources */ = {isa = PBXBuildFile; fileRef = 7BE5308629EE2BCA00AF84F4 /* MotionDetectionManager.swift */; };
		7BF5E58B2A03386D00BA8BE3 /* ClassificationViewController.swift in Sources */ = {isa = PBXBuildFile; fileRef = 7BF5E58A2A03386D00BA8BE3 /* ClassificationViewController.swift */; };
		7BF5E58D2A0338D900BA8BE3 /* ClassificationView.swift in Sources */ = {isa = PBXBuildFile; fileRef = 7BF5E58C2A0338D900BA8BE3 /* ClassificationView.swift */; };
		7BF5E58F2A034B5C00BA8BE3 /* OnBoardingViewController.swift in Sources */ = {isa = PBXBuildFile; fileRef = 7BF5E58E2A034B5C00BA8BE3 /* OnBoardingViewController.swift */; };
		7BF5E5912A034BF700BA8BE3 /* OnBoardingCollectionViewCell.swift in Sources */ = {isa = PBXBuildFile; fileRef = 7BF5E5902A034BF700BA8BE3 /* OnBoardingCollectionViewCell.swift */; };
		7BF5E5932A034CC300BA8BE3 /* OnBoardSlide.swift in Sources */ = {isa = PBXBuildFile; fileRef = 7BF5E5922A034CC300BA8BE3 /* OnBoardSlide.swift */; };
		7BF5E5992A0363A900BA8BE3 /* camera.json in Resources */ = {isa = PBXBuildFile; fileRef = 7BF5E5982A0363A900BA8BE3 /* camera.json */; };
		7BF5E59D2A0366AA00BA8BE3 /* dog.json in Resources */ = {isa = PBXBuildFile; fileRef = 7BF5E59C2A0366AA00BA8BE3 /* dog.json */; };
		7BF5E5A02A0368F300BA8BE3 /* PermissionViewController.swift in Sources */ = {isa = PBXBuildFile; fileRef = 7BF5E59F2A0368F300BA8BE3 /* PermissionViewController.swift */; };
		7BF5E5A22A03693300BA8BE3 /* OBLabel.swift in Sources */ = {isa = PBXBuildFile; fileRef = 7BF5E5A12A03693300BA8BE3 /* OBLabel.swift */; };
/* End PBXBuildFile section */

/* Begin PBXFileReference section */
		5858340811CCB909904708B5 /* Pods-ObjectDetectionApp.debug.xcconfig */ = {isa = PBXFileReference; includeInIndex = 1; lastKnownFileType = text.xcconfig; name = "Pods-ObjectDetectionApp.debug.xcconfig"; path = "Target Support Files/Pods-ObjectDetectionApp/Pods-ObjectDetectionApp.debug.xcconfig"; sourceTree = "<group>"; };
		7B74A02E29E4DDBC008A20B8 /* CLog.swift */ = {isa = PBXFileReference; lastKnownFileType = sourcecode.swift; path = CLog.swift; sourceTree = "<group>"; };
		7B74A03129E4E2B9008A20B8 /* LaunchViewModel.swift */ = {isa = PBXFileReference; lastKnownFileType = sourcecode.swift; path = LaunchViewModel.swift; sourceTree = "<group>"; };
		7B74A03329E4E2CE008A20B8 /* User.swift */ = {isa = PBXFileReference; lastKnownFileType = sourcecode.swift; path = User.swift; sourceTree = "<group>"; };
		7B74A03629E4FAD1008A20B8 /* Dog.swift */ = {isa = PBXFileReference; lastKnownFileType = sourcecode.swift; path = Dog.swift; sourceTree = "<group>"; };
		7B74A03829E4FD37008A20B8 /* StreamingViewModel.swift */ = {isa = PBXFileReference; lastKnownFileType = sourcecode.swift; path = StreamingViewModel.swift; sourceTree = "<group>"; };
		7B74A03A29E4FD4C008A20B8 /* VideoViewModel.swift */ = {isa = PBXFileReference; lastKnownFileType = sourcecode.swift; path = VideoViewModel.swift; sourceTree = "<group>"; };
		7B74A09729E52E5B008A20B8 /* Classification.swift */ = {isa = PBXFileReference; lastKnownFileType = sourcecode.swift; path = Classification.swift; sourceTree = "<group>"; };
		7BB75D4529E3F6E4001DA941 /* ObjectDetectionApp.app */ = {isa = PBXFileReference; explicitFileType = wrapper.application; includeInIndex = 0; path = ObjectDetectionApp.app; sourceTree = BUILT_PRODUCTS_DIR; };
		7BB75D4829E3F6E4001DA941 /* AppDelegate.swift */ = {isa = PBXFileReference; lastKnownFileType = sourcecode.swift; path = AppDelegate.swift; sourceTree = "<group>"; };
		7BB75D4A29E3F6E4001DA941 /* SceneDelegate.swift */ = {isa = PBXFileReference; lastKnownFileType = sourcecode.swift; path = SceneDelegate.swift; sourceTree = "<group>"; };
		7BB75D5129E3F6E4001DA941 /* Assets.xcassets */ = {isa = PBXFileReference; lastKnownFileType = folder.assetcatalog; path = Assets.xcassets; sourceTree = "<group>"; };
		7BB75D5429E3F6E4001DA941 /* Base */ = {isa = PBXFileReference; lastKnownFileType = file.storyboard; name = Base; path = Base.lproj/LaunchScreen.storyboard; sourceTree = "<group>"; };
		7BB75D5629E3F6E4001DA941 /* Info.plist */ = {isa = PBXFileReference; lastKnownFileType = text.plist.xml; path = Info.plist; sourceTree = "<group>"; };
		7BB75D6229E3F7C0001DA941 /* dogClass.mlmodel */ = {isa = PBXFileReference; lastKnownFileType = file.mlmodel; path = dogClass.mlmodel; sourceTree = "<group>"; };
		7BB75D6629E3F850001DA941 /* ObViewController.swift */ = {isa = PBXFileReference; lastKnownFileType = sourcecode.swift; path = ObViewController.swift; sourceTree = "<group>"; };
		7BB75D6829E3F869001DA941 /* Const.swift */ = {isa = PBXFileReference; lastKnownFileType = sourcecode.swift; path = Const.swift; sourceTree = "<group>"; };
		7BB75D6A29E3F89B001DA941 /* DataManager.swift */ = {isa = PBXFileReference; lastKnownFileType = sourcecode.swift; path = DataManager.swift; sourceTree = "<group>"; };
		7BB75D6D29E3FA98001DA941 /* OBUtils.swift */ = {isa = PBXFileReference; lastKnownFileType = sourcecode.swift; path = OBUtils.swift; sourceTree = "<group>"; };
		7BB75D6F29E3FAE9001DA941 /* PreferenceDataUtils.swift */ = {isa = PBXFileReference; lastKnownFileType = sourcecode.swift; path = PreferenceDataUtils.swift; sourceTree = "<group>"; };
		7BB75D7129E3FDDA001DA941 /* LaunchViewController.swift */ = {isa = PBXFileReference; lastKnownFileType = sourcecode.swift; path = LaunchViewController.swift; sourceTree = "<group>"; };
		7BB75D7329E40588001DA941 /* TabbarViewController.swift */ = {isa = PBXFileReference; lastKnownFileType = sourcecode.swift; path = TabbarViewController.swift; sourceTree = "<group>"; };
		7BB75D7529E405C3001DA941 /* MotionDetectionViewController.swift */ = {isa = PBXFileReference; lastKnownFileType = sourcecode.swift; path = MotionDetectionViewController.swift; sourceTree = "<group>"; };
		7BB75D7729E405CF001DA941 /* VideoViewController.swift */ = {isa = PBXFileReference; lastKnownFileType = sourcecode.swift; path = VideoViewController.swift; sourceTree = "<group>"; };
		7BC3AEBE29E64D9B00376DA8 /* VideoView.swift */ = {isa = PBXFileReference; lastKnownFileType = sourcecode.swift; path = VideoView.swift; sourceTree = "<group>"; };
		7BC3AEC429E66E6F00376DA8 /* MotionDetectionView.swift */ = {isa = PBXFileReference; lastKnownFileType = sourcecode.swift; path = MotionDetectionView.swift; sourceTree = "<group>"; };
		7BC6EFB229E542C800FD2512 /* dogPose.mlmodel */ = {isa = PBXFileReference; lastKnownFileType = file.mlmodel; path = dogPose.mlmodel; sourceTree = "<group>"; };
		7BC6EFB629E54C9C00FD2512 /* ModelManager.swift */ = {isa = PBXFileReference; lastKnownFileType = sourcecode.swift; path = ModelManager.swift; sourceTree = "<group>"; };
		7BC6EFB929E54F0100FD2512 /* UIButton.swift */ = {isa = PBXFileReference; fileEncoding = 4; lastKnownFileType = sourcecode.swift; path = UIButton.swift; sourceTree = "<group>"; };
		7BE5308029EE17D100AF84F4 /* ObjectDetectionApp-Bridging-Header.h */ = {isa = PBXFileReference; lastKnownFileType = sourcecode.c.h; path = "ObjectDetectionApp-Bridging-Header.h"; sourceTree = "<group>"; };
		7BE5308129EE17D100AF84F4 /* OpenCVWrapper.h */ = {isa = PBXFileReference; lastKnownFileType = sourcecode.c.h; path = OpenCVWrapper.h; sourceTree = "<group>"; };
		7BE5308229EE17D100AF84F4 /* OpenCVWrapper.mm */ = {isa = PBXFileReference; lastKnownFileType = sourcecode.cpp.objcpp; path = OpenCVWrapper.mm; sourceTree = "<group>"; };
		7BE5308529EE1C6D00AF84F4 /* PrefixHeader.pch */ = {isa = PBXFileReference; lastKnownFileType = sourcecode.c.h; path = PrefixHeader.pch; sourceTree = "<group>"; };
		7BE5308629EE2BCA00AF84F4 /* MotionDetectionManager.swift */ = {isa = PBXFileReference; lastKnownFileType = sourcecode.swift; path = MotionDetectionManager.swift; sourceTree = "<group>"; };
		7BF5E58A2A03386D00BA8BE3 /* ClassificationViewController.swift */ = {isa = PBXFileReference; lastKnownFileType = sourcecode.swift; path = ClassificationViewController.swift; sourceTree = "<group>"; };
		7BF5E58C2A0338D900BA8BE3 /* ClassificationView.swift */ = {isa = PBXFileReference; lastKnownFileType = sourcecode.swift; path = ClassificationView.swift; sourceTree = "<group>"; };
		7BF5E58E2A034B5C00BA8BE3 /* OnBoardingViewController.swift */ = {isa = PBXFileReference; lastKnownFileType = sourcecode.swift; path = OnBoardingViewController.swift; sourceTree = "<group>"; };
		7BF5E5902A034BF700BA8BE3 /* OnBoardingCollectionViewCell.swift */ = {isa = PBXFileReference; lastKnownFileType = sourcecode.swift; path = OnBoardingCollectionViewCell.swift; sourceTree = "<group>"; };
		7BF5E5922A034CC300BA8BE3 /* OnBoardSlide.swift */ = {isa = PBXFileReference; lastKnownFileType = sourcecode.swift; path = OnBoardSlide.swift; sourceTree = "<group>"; };
		7BF5E5982A0363A900BA8BE3 /* camera.json */ = {isa = PBXFileReference; fileEncoding = 4; lastKnownFileType = text.json; path = camera.json; sourceTree = "<group>"; };
		7BF5E59C2A0366AA00BA8BE3 /* dog.json */ = {isa = PBXFileReference; fileEncoding = 4; lastKnownFileType = text.json; path = dog.json; sourceTree = "<group>"; };
		7BF5E59F2A0368F300BA8BE3 /* PermissionViewController.swift */ = {isa = PBXFileReference; lastKnownFileType = sourcecode.swift; path = PermissionViewController.swift; sourceTree = "<group>"; };
		7BF5E5A12A03693300BA8BE3 /* OBLabel.swift */ = {isa = PBXFileReference; lastKnownFileType = sourcecode.swift; path = OBLabel.swift; sourceTree = "<group>"; };
		800ADAAF954AE3827708B4C0 /* Pods_ObjectDetectionApp.framework */ = {isa = PBXFileReference; explicitFileType = wrapper.framework; includeInIndex = 0; path = Pods_ObjectDetectionApp.framework; sourceTree = BUILT_PRODUCTS_DIR; };
		FB91639BE3AAA633CE107189 /* Pods-ObjectDetectionApp.release.xcconfig */ = {isa = PBXFileReference; includeInIndex = 1; lastKnownFileType = text.xcconfig; name = "Pods-ObjectDetectionApp.release.xcconfig"; path = "Target Support Files/Pods-ObjectDetectionApp/Pods-ObjectDetectionApp.release.xcconfig"; sourceTree = "<group>"; };
/* End PBXFileReference section */

/* Begin PBXFrameworksBuildPhase section */
		7BB75D4229E3F6E4001DA941 /* Frameworks */ = {
			isa = PBXFrameworksBuildPhase;
			buildActionMask = 2147483647;
			files = (
				46432EB8AD7A2A0236A99072 /* Pods_ObjectDetectionApp.framework in Frameworks */,
			);
			runOnlyForDeploymentPostprocessing = 0;
		};
/* End PBXFrameworksBuildPhase section */

/* Begin PBXGroup section */
		49ED734866A2ABA5414BA068 /* Pods */ = {
			isa = PBXGroup;
			children = (
				5858340811CCB909904708B5 /* Pods-ObjectDetectionApp.debug.xcconfig */,
				FB91639BE3AAA633CE107189 /* Pods-ObjectDetectionApp.release.xcconfig */,
			);
			path = Pods;
			sourceTree = "<group>";
		};
		752AB1677985486BAF8B27A8 /* Frameworks */ = {
			isa = PBXGroup;
			children = (
				800ADAAF954AE3827708B4C0 /* Pods_ObjectDetectionApp.framework */,
			);
			name = Frameworks;
			sourceTree = "<group>";
		};
		7B74A03029E4E171008A20B8 /* ViewModel */ = {
			isa = PBXGroup;
			children = (
				7B74A03829E4FD37008A20B8 /* StreamingViewModel.swift */,
				7B74A03A29E4FD4C008A20B8 /* VideoViewModel.swift */,
			);
			path = ViewModel;
			sourceTree = "<group>";
		};
		7B74A03529E4F9B8008A20B8 /* Items */ = {
			isa = PBXGroup;
			children = (
				7BF5E5892A03384300BA8BE3 /* Classification */,
				7BC3AEBC29E64D8700376DA8 /* MotionDetect */,
				7BC3AEBD29E64D8F00376DA8 /* Video */,
			);
			path = Items;
			sourceTree = "<group>";
		};
		7BB75D3C29E3F6E4001DA941 = {
			isa = PBXGroup;
			children = (
				7BB75D4729E3F6E4001DA941 /* ObjectDetectionApp */,
				7BB75D4629E3F6E4001DA941 /* Products */,
				49ED734866A2ABA5414BA068 /* Pods */,
				752AB1677985486BAF8B27A8 /* Frameworks */,
			);
			sourceTree = "<group>";
		};
		7BB75D4629E3F6E4001DA941 /* Products */ = {
			isa = PBXGroup;
			children = (
				7BB75D4529E3F6E4001DA941 /* ObjectDetectionApp.app */,
			);
			name = Products;
			sourceTree = "<group>";
		};
		7BB75D4729E3F6E4001DA941 /* ObjectDetectionApp */ = {
			isa = PBXGroup;
			children = (
				7BB75D6C29E3FA88001DA941 /* Util */,
				7BB75D5D29E3F76E001DA941 /* View */,
				7B74A03129E4E2B9008A20B8 /* LaunchViewModel.swift */,
				7B74A03029E4E171008A20B8 /* ViewModel */,
				7BB75D6129E3F7B4001DA941 /* Model */,
				7BB75D5C29E3F766001DA941 /* Service */,
				7BB75D4829E3F6E4001DA941 /* AppDelegate.swift */,
				7BB75D4A29E3F6E4001DA941 /* SceneDelegate.swift */,
				7BB75D6829E3F869001DA941 /* Const.swift */,
				7BB75D6029E3F7A7001DA941 /* Resource */,
				7BB75D5629E3F6E4001DA941 /* Info.plist */,
				7BE5308029EE17D100AF84F4 /* ObjectDetectionApp-Bridging-Header.h */,
				7BE5308529EE1C6D00AF84F4 /* PrefixHeader.pch */,
			);
			path = ObjectDetectionApp;
			sourceTree = "<group>";
		};
		7BB75D5C29E3F766001DA941 /* Service */ = {
			isa = PBXGroup;
			children = (
				7BB75D6A29E3F89B001DA941 /* DataManager.swift */,
				7B74A09729E52E5B008A20B8 /* Classification.swift */,
				7BC6EFB629E54C9C00FD2512 /* ModelManager.swift */,
				7BE5308629EE2BCA00AF84F4 /* MotionDetectionManager.swift */,
			);
			path = Service;
			sourceTree = "<group>";
		};
		7BB75D5D29E3F76E001DA941 /* View */ = {
			isa = PBXGroup;
			children = (
				7BB75D6629E3F850001DA941 /* ObViewController.swift */,
				7BB75D5E29E3F777001DA941 /* Launch */,
				7BB75D5F29E3F78C001DA941 /* Tabbar */,
				7BC6EFB829E54EE400FD2512 /* UI */,
				7BF5E5A12A03693300BA8BE3 /* OBLabel.swift */,
			);
			path = View;
			sourceTree = "<group>";
		};
		7BB75D5E29E3F777001DA941 /* Launch */ = {
			isa = PBXGroup;
			children = (
				7BB75D5329E3F6E4001DA941 /* LaunchScreen.storyboard */,
				7BB75D7129E3FDDA001DA941 /* LaunchViewController.swift */,
				7BF5E59F2A0368F300BA8BE3 /* PermissionViewController.swift */,
				7BF5E59E2A0368DC00BA8BE3 /* OnBoarding */,
			);
			path = Launch;
			sourceTree = "<group>";
		};
		7BB75D5F29E3F78C001DA941 /* Tabbar */ = {
			isa = PBXGroup;
			children = (
				7BB75D7329E40588001DA941 /* TabbarViewController.swift */,
				7B74A03529E4F9B8008A20B8 /* Items */,
			);
			path = Tabbar;
			sourceTree = "<group>";
		};
		7BB75D6029E3F7A7001DA941 /* Resource */ = {
			isa = PBXGroup;
			children = (
				7BF5E59C2A0366AA00BA8BE3 /* dog.json */,
				7BF5E5982A0363A900BA8BE3 /* camera.json */,
				7BB75D5129E3F6E4001DA941 /* Assets.xcassets */,
				7BC6EFB229E542C800FD2512 /* dogPose.mlmodel */,
				7BB75D6229E3F7C0001DA941 /* dogClass.mlmodel */,
			);
			path = Resource;
			sourceTree = "<group>";
		};
		7BB75D6129E3F7B4001DA941 /* Model */ = {
			isa = PBXGroup;
			children = (
				7B74A03329E4E2CE008A20B8 /* User.swift */,
				7B74A03629E4FAD1008A20B8 /* Dog.swift */,
				7BF5E5922A034CC300BA8BE3 /* OnBoardSlide.swift */,
			);
			path = Model;
			sourceTree = "<group>";
		};
		7BB75D6C29E3FA88001DA941 /* Util */ = {
			isa = PBXGroup;
			children = (
				7BF534A529ECDB9D00E56957 /* OpenCVWrapper */,
				7BB75D6D29E3FA98001DA941 /* OBUtils.swift */,
				7BB75D6F29E3FAE9001DA941 /* PreferenceDataUtils.swift */,
				7B74A02E29E4DDBC008A20B8 /* CLog.swift */,
			);
			path = Util;
			sourceTree = "<group>";
		};
		7BC3AEBC29E64D8700376DA8 /* MotionDetect */ = {
			isa = PBXGroup;
			children = (
				7BB75D7529E405C3001DA941 /* MotionDetectionViewController.swift */,
				7BC3AEC429E66E6F00376DA8 /* MotionDetectionView.swift */,
			);
			path = MotionDetect;
			sourceTree = "<group>";
		};
		7BC3AEBD29E64D8F00376DA8 /* Video */ = {
			isa = PBXGroup;
			children = (
				7BB75D7729E405CF001DA941 /* VideoViewController.swift */,
				7BC3AEBE29E64D9B00376DA8 /* VideoView.swift */,
			);
			path = Video;
			sourceTree = "<group>";
		};
		7BC6EFB829E54EE400FD2512 /* UI */ = {
			isa = PBXGroup;
			children = (
				7BC6EFB929E54F0100FD2512 /* UIButton.swift */,
			);
			path = UI;
			sourceTree = "<group>";
		};
		7BF534A529ECDB9D00E56957 /* OpenCVWrapper */ = {
			isa = PBXGroup;
			children = (
				7BE5308129EE17D100AF84F4 /* OpenCVWrapper.h */,
				7BE5308229EE17D100AF84F4 /* OpenCVWrapper.mm */,
			);
			path = OpenCVWrapper;
			sourceTree = "<group>";
		};
		7BF5E5892A03384300BA8BE3 /* Classification */ = {
			isa = PBXGroup;
			children = (
				7BF5E58A2A03386D00BA8BE3 /* ClassificationViewController.swift */,
				7BF5E58C2A0338D900BA8BE3 /* ClassificationView.swift */,
			);
			path = Classification;
			sourceTree = "<group>";
		};
		7BF5E59E2A0368DC00BA8BE3 /* OnBoarding */ = {
			isa = PBXGroup;
			children = (
				7BF5E58E2A034B5C00BA8BE3 /* OnBoardingViewController.swift */,
				7BF5E5902A034BF700BA8BE3 /* OnBoardingCollectionViewCell.swift */,
			);
			path = OnBoarding;
			sourceTree = "<group>";
		};
/* End PBXGroup section */

/* Begin PBXNativeTarget section */
		7BB75D4429E3F6E4001DA941 /* ObjectDetectionApp */ = {
			isa = PBXNativeTarget;
			buildConfigurationList = 7BB75D5929E3F6E4001DA941 /* Build configuration list for PBXNativeTarget "ObjectDetectionApp" */;
			buildPhases = (
				E3E5D380C9AE99CF3896CDD2 /* [CP] Check Pods Manifest.lock */,
				7BB75D4129E3F6E4001DA941 /* Sources */,
				7BB75D4229E3F6E4001DA941 /* Frameworks */,
				7BB75D4329E3F6E4001DA941 /* Resources */,
				182F5574D77489DF66C1D967 /* [CP] Embed Pods Frameworks */,
			);
			buildRules = (
			);
			dependencies = (
			);
			name = ObjectDetectionApp;
			productName = ObjectDetectionApp;
			productReference = 7BB75D4529E3F6E4001DA941 /* ObjectDetectionApp.app */;
			productType = "com.apple.product-type.application";
		};
/* End PBXNativeTarget section */

/* Begin PBXProject section */
		7BB75D3D29E3F6E4001DA941 /* Project object */ = {
			isa = PBXProject;
			attributes = {
				BuildIndependentTargetsInParallel = 1;
				LastSwiftUpdateCheck = 1420;
				LastUpgradeCheck = 1420;
				TargetAttributes = {
					7BB75D4429E3F6E4001DA941 = {
						CreatedOnToolsVersion = 14.2;
						LastSwiftMigration = 1420;
					};
				};
			};
			buildConfigurationList = 7BB75D4029E3F6E4001DA941 /* Build configuration list for PBXProject "ObjectDetectionApp" */;
			compatibilityVersion = "Xcode 14.0";
			developmentRegion = en;
			hasScannedForEncodings = 0;
			knownRegions = (
				en,
				Base,
			);
			mainGroup = 7BB75D3C29E3F6E4001DA941;
			productRefGroup = 7BB75D4629E3F6E4001DA941 /* Products */;
			projectDirPath = "";
			projectRoot = "";
			targets = (
				7BB75D4429E3F6E4001DA941 /* ObjectDetectionApp */,
			);
		};
/* End PBXProject section */

/* Begin PBXResourcesBuildPhase section */
		7BB75D4329E3F6E4001DA941 /* Resources */ = {
			isa = PBXResourcesBuildPhase;
			buildActionMask = 2147483647;
			files = (
				7BF5E5992A0363A900BA8BE3 /* camera.json in Resources */,
				7BB75D5529E3F6E4001DA941 /* LaunchScreen.storyboard in Resources */,
				7BF5E59D2A0366AA00BA8BE3 /* dog.json in Resources */,
				7BB75D5229E3F6E4001DA941 /* Assets.xcassets in Resources */,
			);
			runOnlyForDeploymentPostprocessing = 0;
		};
/* End PBXResourcesBuildPhase section */

/* Begin PBXShellScriptBuildPhase section */
		182F5574D77489DF66C1D967 /* [CP] Embed Pods Frameworks */ = {
			isa = PBXShellScriptBuildPhase;
			buildActionMask = 2147483647;
			files = (
			);
			inputFileListPaths = (
				"${PODS_ROOT}/Target Support Files/Pods-ObjectDetectionApp/Pods-ObjectDetectionApp-frameworks-${CONFIGURATION}-input-files.xcfilelist",
			);
			name = "[CP] Embed Pods Frameworks";
			outputFileListPaths = (
				"${PODS_ROOT}/Target Support Files/Pods-ObjectDetectionApp/Pods-ObjectDetectionApp-frameworks-${CONFIGURATION}-output-files.xcfilelist",
			);
			runOnlyForDeploymentPostprocessing = 0;
			shellPath = /bin/sh;
			shellScript = "\"${PODS_ROOT}/Target Support Files/Pods-ObjectDetectionApp/Pods-ObjectDetectionApp-frameworks.sh\"\n";
			showEnvVarsInLog = 0;
		};
		E3E5D380C9AE99CF3896CDD2 /* [CP] Check Pods Manifest.lock */ = {
			isa = PBXShellScriptBuildPhase;
			buildActionMask = 2147483647;
			files = (
			);
			inputFileListPaths = (
			);
			inputPaths = (
				"${PODS_PODFILE_DIR_PATH}/Podfile.lock",
				"${PODS_ROOT}/Manifest.lock",
			);
			name = "[CP] Check Pods Manifest.lock";
			outputFileListPaths = (
			);
			outputPaths = (
				"$(DERIVED_FILE_DIR)/Pods-ObjectDetectionApp-checkManifestLockResult.txt",
			);
			runOnlyForDeploymentPostprocessing = 0;
			shellPath = /bin/sh;
			shellScript = "diff \"${PODS_PODFILE_DIR_PATH}/Podfile.lock\" \"${PODS_ROOT}/Manifest.lock\" > /dev/null\nif [ $? != 0 ] ; then\n    # print error to STDERR\n    echo \"error: The sandbox is not in sync with the Podfile.lock. Run 'pod install' or update your CocoaPods installation.\" >&2\n    exit 1\nfi\n# This output is used by Xcode 'outputs' to avoid re-running this script phase.\necho \"SUCCESS\" > \"${SCRIPT_OUTPUT_FILE_0}\"\n";
			showEnvVarsInLog = 0;
		};
/* End PBXShellScriptBuildPhase section */

/* Begin PBXSourcesBuildPhase section */
		7BB75D4129E3F6E4001DA941 /* Sources */ = {
			isa = PBXSourcesBuildPhase;
			buildActionMask = 2147483647;
			files = (
				7BB75D6E29E3FA98001DA941 /* OBUtils.swift in Sources */,
				7BF5E5A02A0368F300BA8BE3 /* PermissionViewController.swift in Sources */,
				7BB75D7429E40588001DA941 /* TabbarViewController.swift in Sources */,
				7BB75D6B29E3F89B001DA941 /* DataManager.swift in Sources */,
				7BB75D7029E3FAE9001DA941 /* PreferenceDataUtils.swift in Sources */,
				7BB75D7829E405CF001DA941 /* VideoViewController.swift in Sources */,
				7BB75D7629E405C3001DA941 /* MotionDetectionViewController.swift in Sources */,
				7BB75D6429E3F7C0001DA941 /* dogClass.mlmodel in Sources */,
				7BF5E58D2A0338D900BA8BE3 /* ClassificationView.swift in Sources */,
				7B74A03429E4E2CE008A20B8 /* User.swift in Sources */,
				7B74A03729E4FAD1008A20B8 /* Dog.swift in Sources */,
				7B74A03229E4E2B9008A20B8 /* LaunchViewModel.swift in Sources */,
				7BC6EFBA29E54F0100FD2512 /* UIButton.swift in Sources */,
				7BE5308329EE17D100AF84F4 /* OpenCVWrapper.mm in Sources */,
				7BF5E58F2A034B5C00BA8BE3 /* OnBoardingViewController.swift in Sources */,
				7B74A03929E4FD37008A20B8 /* StreamingViewModel.swift in Sources */,
				7BB75D4929E3F6E4001DA941 /* AppDelegate.swift in Sources */,
				7BE5308729EE2BCA00AF84F4 /* MotionDetectionManager.swift in Sources */,
				7BF5E58B2A03386D00BA8BE3 /* ClassificationViewController.swift in Sources */,
				7BC6EFB729E54C9C00FD2512 /* ModelManager.swift in Sources */,
				7B74A03B29E4FD4C008A20B8 /* VideoViewModel.swift in Sources */,
				7BF5E5932A034CC300BA8BE3 /* OnBoardSlide.swift in Sources */,
				7BB75D4B29E3F6E4001DA941 /* SceneDelegate.swift in Sources */,
				7BB75D7229E3FDDA001DA941 /* LaunchViewController.swift in Sources */,
				7BC3AEC529E66E6F00376DA8 /* MotionDetectionView.swift in Sources */,
				7BF5E5A22A03693300BA8BE3 /* OBLabel.swift in Sources */,
				7BB75D6729E3F850001DA941 /* ObViewController.swift in Sources */,
				7B74A02F29E4DDBC008A20B8 /* CLog.swift in Sources */,
				7BC3AEBF29E64D9B00376DA8 /* VideoView.swift in Sources */,
				7BB75D6929E3F869001DA941 /* Const.swift in Sources */,
				7BC6EFB329E542C800FD2512 /* dogPose.mlmodel in Sources */,
				7B74A09829E52E5B008A20B8 /* Classification.swift in Sources */,
				7BF5E5912A034BF700BA8BE3 /* OnBoardingCollectionViewCell.swift in Sources */,
			);
			runOnlyForDeploymentPostprocessing = 0;
		};
/* End PBXSourcesBuildPhase section */

/* Begin PBXVariantGroup section */
		7BB75D5329E3F6E4001DA941 /* LaunchScreen.storyboard */ = {
			isa = PBXVariantGroup;
			children = (
				7BB75D5429E3F6E4001DA941 /* Base */,
			);
			name = LaunchScreen.storyboard;
			sourceTree = "<group>";
		};
/* End PBXVariantGroup section */

/* Begin XCBuildConfiguration section */
		7BB75D5729E3F6E4001DA941 /* Debug */ = {
			isa = XCBuildConfiguration;
			buildSettings = {
				ALWAYS_SEARCH_USER_PATHS = NO;
				CLANG_ANALYZER_NONNULL = YES;
				CLANG_ANALYZER_NUMBER_OBJECT_CONVERSION = YES_AGGRESSIVE;
				CLANG_CXX_LANGUAGE_STANDARD = "gnu++20";
				CLANG_ENABLE_MODULES = YES;
				CLANG_ENABLE_OBJC_ARC = YES;
				CLANG_ENABLE_OBJC_WEAK = YES;
				CLANG_WARN_BLOCK_CAPTURE_AUTORELEASING = YES;
				CLANG_WARN_BOOL_CONVERSION = YES;
				CLANG_WARN_COMMA = YES;
				CLANG_WARN_CONSTANT_CONVERSION = YES;
				CLANG_WARN_DEPRECATED_OBJC_IMPLEMENTATIONS = YES;
				CLANG_WARN_DIRECT_OBJC_ISA_USAGE = YES_ERROR;
				CLANG_WARN_DOCUMENTATION_COMMENTS = YES;
				CLANG_WARN_EMPTY_BODY = YES;
				CLANG_WARN_ENUM_CONVERSION = YES;
				CLANG_WARN_INFINITE_RECURSION = YES;
				CLANG_WARN_INT_CONVERSION = YES;
				CLANG_WARN_NON_LITERAL_NULL_CONVERSION = YES;
				CLANG_WARN_OBJC_IMPLICIT_RETAIN_SELF = YES;
				CLANG_WARN_OBJC_LITERAL_CONVERSION = YES;
				CLANG_WARN_OBJC_ROOT_CLASS = YES_ERROR;
				CLANG_WARN_QUOTED_INCLUDE_IN_FRAMEWORK_HEADER = YES;
				CLANG_WARN_RANGE_LOOP_ANALYSIS = YES;
				CLANG_WARN_STRICT_PROTOTYPES = YES;
				CLANG_WARN_SUSPICIOUS_MOVE = YES;
				CLANG_WARN_UNGUARDED_AVAILABILITY = YES_AGGRESSIVE;
				CLANG_WARN_UNREACHABLE_CODE = YES;
				CLANG_WARN__DUPLICATE_METHOD_MATCH = YES;
				COPY_PHASE_STRIP = NO;
				DEBUG_INFORMATION_FORMAT = dwarf;
				ENABLE_STRICT_OBJC_MSGSEND = YES;
				ENABLE_TESTABILITY = YES;
				GCC_C_LANGUAGE_STANDARD = gnu11;
				GCC_DYNAMIC_NO_PIC = NO;
				GCC_NO_COMMON_BLOCKS = YES;
				GCC_OPTIMIZATION_LEVEL = 0;
				GCC_PREPROCESSOR_DEFINITIONS = (
					"DEBUG=1",
					"$(inherited)",
				);
				GCC_WARN_64_TO_32_BIT_CONVERSION = YES;
				GCC_WARN_ABOUT_RETURN_TYPE = YES_ERROR;
				GCC_WARN_UNDECLARED_SELECTOR = YES;
				GCC_WARN_UNINITIALIZED_AUTOS = YES_AGGRESSIVE;
				GCC_WARN_UNUSED_FUNCTION = YES;
				GCC_WARN_UNUSED_VARIABLE = YES;
				IPHONEOS_DEPLOYMENT_TARGET = 16.2;
				MTL_ENABLE_DEBUG_INFO = INCLUDE_SOURCE;
				MTL_FAST_MATH = YES;
				ONLY_ACTIVE_ARCH = YES;
				SDKROOT = iphoneos;
				SWIFT_ACTIVE_COMPILATION_CONDITIONS = DEBUG;
				SWIFT_OPTIMIZATION_LEVEL = "-Onone";
			};
			name = Debug;
		};
		7BB75D5829E3F6E4001DA941 /* Release */ = {
			isa = XCBuildConfiguration;
			buildSettings = {
				ALWAYS_SEARCH_USER_PATHS = NO;
				CLANG_ANALYZER_NONNULL = YES;
				CLANG_ANALYZER_NUMBER_OBJECT_CONVERSION = YES_AGGRESSIVE;
				CLANG_CXX_LANGUAGE_STANDARD = "gnu++20";
				CLANG_ENABLE_MODULES = YES;
				CLANG_ENABLE_OBJC_ARC = YES;
				CLANG_ENABLE_OBJC_WEAK = YES;
				CLANG_WARN_BLOCK_CAPTURE_AUTORELEASING = YES;
				CLANG_WARN_BOOL_CONVERSION = YES;
				CLANG_WARN_COMMA = YES;
				CLANG_WARN_CONSTANT_CONVERSION = YES;
				CLANG_WARN_DEPRECATED_OBJC_IMPLEMENTATIONS = YES;
				CLANG_WARN_DIRECT_OBJC_ISA_USAGE = YES_ERROR;
				CLANG_WARN_DOCUMENTATION_COMMENTS = YES;
				CLANG_WARN_EMPTY_BODY = YES;
				CLANG_WARN_ENUM_CONVERSION = YES;
				CLANG_WARN_INFINITE_RECURSION = YES;
				CLANG_WARN_INT_CONVERSION = YES;
				CLANG_WARN_NON_LITERAL_NULL_CONVERSION = YES;
				CLANG_WARN_OBJC_IMPLICIT_RETAIN_SELF = YES;
				CLANG_WARN_OBJC_LITERAL_CONVERSION = YES;
				CLANG_WARN_OBJC_ROOT_CLASS = YES_ERROR;
				CLANG_WARN_QUOTED_INCLUDE_IN_FRAMEWORK_HEADER = YES;
				CLANG_WARN_RANGE_LOOP_ANALYSIS = YES;
				CLANG_WARN_STRICT_PROTOTYPES = YES;
				CLANG_WARN_SUSPICIOUS_MOVE = YES;
				CLANG_WARN_UNGUARDED_AVAILABILITY = YES_AGGRESSIVE;
				CLANG_WARN_UNREACHABLE_CODE = YES;
				CLANG_WARN__DUPLICATE_METHOD_MATCH = YES;
				COPY_PHASE_STRIP = NO;
				DEBUG_INFORMATION_FORMAT = "dwarf-with-dsym";
				ENABLE_NS_ASSERTIONS = NO;
				ENABLE_STRICT_OBJC_MSGSEND = YES;
				GCC_C_LANGUAGE_STANDARD = gnu11;
				GCC_NO_COMMON_BLOCKS = YES;
				GCC_WARN_64_TO_32_BIT_CONVERSION = YES;
				GCC_WARN_ABOUT_RETURN_TYPE = YES_ERROR;
				GCC_WARN_UNDECLARED_SELECTOR = YES;
				GCC_WARN_UNINITIALIZED_AUTOS = YES_AGGRESSIVE;
				GCC_WARN_UNUSED_FUNCTION = YES;
				GCC_WARN_UNUSED_VARIABLE = YES;
				IPHONEOS_DEPLOYMENT_TARGET = 16.2;
				MTL_ENABLE_DEBUG_INFO = NO;
				MTL_FAST_MATH = YES;
				SDKROOT = iphoneos;
				SWIFT_COMPILATION_MODE = wholemodule;
				SWIFT_OPTIMIZATION_LEVEL = "-O";
				VALIDATE_PRODUCT = YES;
			};
			name = Release;
		};
		7BB75D5A29E3F6E4001DA941 /* Debug */ = {
			isa = XCBuildConfiguration;
			baseConfigurationReference = 5858340811CCB909904708B5 /* Pods-ObjectDetectionApp.debug.xcconfig */;
			buildSettings = {
				ASSETCATALOG_COMPILER_APPICON_NAME = AppIcon;
				ASSETCATALOG_COMPILER_GLOBAL_ACCENT_COLOR_NAME = AccentColor;
				CLANG_ENABLE_MODULES = YES;
				CODE_SIGN_STYLE = Automatic;
				CURRENT_PROJECT_VERSION = 1;
				DEVELOPMENT_TEAM = 9Y3C29YBST;
				GCC_PREFIX_HEADER = ObjectDetectionApp/prefixHeader.pch;
				GENERATE_INFOPLIST_FILE = YES;
				INFOPLIST_FILE = ObjectDetectionApp/Info.plist;
				INFOPLIST_KEY_UIApplicationSupportsIndirectInputEvents = YES;
				INFOPLIST_KEY_UILaunchStoryboardName = LaunchScreen;
				INFOPLIST_KEY_UISupportedInterfaceOrientations_iPad = "UIInterfaceOrientationPortrait UIInterfaceOrientationPortraitUpsideDown UIInterfaceOrientationLandscapeLeft UIInterfaceOrientationLandscapeRight";
				INFOPLIST_KEY_UISupportedInterfaceOrientations_iPhone = "UIInterfaceOrientationPortrait UIInterfaceOrientationLandscapeLeft UIInterfaceOrientationLandscapeRight";
				LD_RUNPATH_SEARCH_PATHS = (
					"$(inherited)",
					"@executable_path/Frameworks",
				);
				MARKETING_VERSION = 1.0;
				PRODUCT_BUNDLE_IDENTIFIER = Cudo.ObjectDetectionApp;
				PRODUCT_NAME = "$(TARGET_NAME)";
				SWIFT_EMIT_LOC_STRINGS = YES;
				SWIFT_INSTALL_OBJC_HEADER = YES;
				SWIFT_OBJC_BRIDGING_HEADER = "ObjectDetectionApp/ObjectDetectionApp-Bridging-Header.h";
				SWIFT_OPTIMIZATION_LEVEL = "-Onone";
				SWIFT_PRECOMPILE_BRIDGING_HEADER = YES;
				SWIFT_VERSION = 5.0;
				TARGETED_DEVICE_FAMILY = "1,2";
			};
			name = Debug;
		};
		7BB75D5B29E3F6E4001DA941 /* Release */ = {
			isa = XCBuildConfiguration;
			baseConfigurationReference = FB91639BE3AAA633CE107189 /* Pods-ObjectDetectionApp.release.xcconfig */;
			buildSettings = {
				ASSETCATALOG_COMPILER_APPICON_NAME = AppIcon;
				ASSETCATALOG_COMPILER_GLOBAL_ACCENT_COLOR_NAME = AccentColor;
				CLANG_ENABLE_MODULES = YES;
				CODE_SIGN_STYLE = Automatic;
				CURRENT_PROJECT_VERSION = 1;
				DEVELOPMENT_TEAM = 9Y3C29YBST;
				GCC_PREFIX_HEADER = ObjectDetectionApp/prefixHeader.pch;
				GENERATE_INFOPLIST_FILE = YES;
				INFOPLIST_FILE = ObjectDetectionApp/Info.plist;
				INFOPLIST_KEY_UIApplicationSupportsIndirectInputEvents = YES;
				INFOPLIST_KEY_UILaunchStoryboardName = LaunchScreen;
				INFOPLIST_KEY_UISupportedInterfaceOrientations_iPad = "UIInterfaceOrientationPortrait UIInterfaceOrientationPortraitUpsideDown UIInterfaceOrientationLandscapeLeft UIInterfaceOrientationLandscapeRight";
				INFOPLIST_KEY_UISupportedInterfaceOrientations_iPhone = "UIInterfaceOrientationPortrait UIInterfaceOrientationLandscapeLeft UIInterfaceOrientationLandscapeRight";
				LD_RUNPATH_SEARCH_PATHS = (
					"$(inherited)",
					"@executable_path/Frameworks",
				);
				MARKETING_VERSION = 1.0;
				PRODUCT_BUNDLE_IDENTIFIER = Cudo.ObjectDetectionApp;
				PRODUCT_NAME = "$(TARGET_NAME)";
				SWIFT_EMIT_LOC_STRINGS = YES;
				SWIFT_INSTALL_OBJC_HEADER = YES;
				SWIFT_OBJC_BRIDGING_HEADER = "ObjectDetectionApp/ObjectDetectionApp-Bridging-Header.h";
				SWIFT_PRECOMPILE_BRIDGING_HEADER = YES;
				SWIFT_VERSION = 5.0;
				TARGETED_DEVICE_FAMILY = "1,2";
			};
			name = Release;
		};
/* End XCBuildConfiguration section */

/* Begin XCConfigurationList section */
		7BB75D4029E3F6E4001DA941 /* Build configuration list for PBXProject "ObjectDetectionApp" */ = {
			isa = XCConfigurationList;
			buildConfigurations = (
				7BB75D5729E3F6E4001DA941 /* Debug */,
				7BB75D5829E3F6E4001DA941 /* Release */,
			);
			defaultConfigurationIsVisible = 0;
			defaultConfigurationName = Release;
		};
		7BB75D5929E3F6E4001DA941 /* Build configuration list for PBXNativeTarget "ObjectDetectionApp" */ = {
			isa = XCConfigurationList;
			buildConfigurations = (
				7BB75D5A29E3F6E4001DA941 /* Debug */,
				7BB75D5B29E3F6E4001DA941 /* Release */,
			);
			defaultConfigurationIsVisible = 0;
			defaultConfigurationName = Release;
		};
/* End XCConfigurationList section */
	};
	rootObject = 7BB75D3D29E3F6E4001DA941 /* Project object */;
}
